
Microsoft Visual Studio Solution File, Format Version 12.00
# Visual Studio Version 17
VisualStudioVersion = 17.2.32516.85
MinimumVisualStudioVersion = 10.0.40219.1
Project("{FAE04EC0-301F-11D3-BF4B-00C04F79EFBC}") = "Variant_8", "Variant_8\Variant_8.csproj", "{9685EB5D-9644-42CE-BC65-6A6DA9E9B9D6}"
EndProject
Global
	GlobalSection(SolutionConfigurationPlatforms) = preSolution
		Debug|Any CPU = Debug|Any CPU
		Release|Any CPU = Release|Any CPU
	EndGlobalSection
	GlobalSection(ProjectConfigurationPlatforms) = postSolution
		{9685EB5D-9644-42CE-BC65-6A6DA9E9B9D6}.Debug|Any CPU.ActiveCfg = Debug|Any CPU
		{9685EB5D-9644-42CE-BC65-6A6DA9E9B9D6}.Debug|Any CPU.Build.0 = Debug|Any CPU
		{9685EB5D-9644-42CE-BC65-6A6DA9E9B9D6}.Release|Any CPU.ActiveCfg = Release|Any CPU
		{9685EB5D-9644-42CE-BC65-6A6DA9E9B9D6}.Release|Any CPU.Build.0 = Release|Any CPU
	EndGlobalSection
	GlobalSection(SolutionProperties) = preSolution
		HideSolutionNode = FALSE
	EndGlobalSection
	GlobalSection(ExtensibilityGlobals) = postSolution
		SolutionGuid = {40F124C3-E2DF-44A9-8F34-75CAB1830C02}
	EndGlobalSection
EndGlobal
